
Microsoft Visual Studio Solution File, Format Version 12.00
# Visual Studio Version 16
VisualStudioVersion = 16.0.29102.190
MinimumVisualStudioVersion = 10.0.40219.1
Project("{FAE04EC0-301F-11D3-BF4B-00C04F79EFBC}") = "project", "project\project.csproj", "{11CA2170-F384-4181-9FF7-BBB3FA5B948C}"
EndProject
Global
	GlobalSection(SolutionConfigurationPlatforms) = preSolution
		Debug|Any CPU = Debug|Any CPU
		Release|Any CPU = Release|Any CPU
	EndGlobalSection
	GlobalSection(ProjectConfigurationPlatforms) = postSolution
		{11CA2170-F384-4181-9FF7-BBB3FA5B948C}.Debug|Any CPU.ActiveCfg = Debug|Any CPU
		{11CA2170-F384-4181-9FF7-BBB3FA5B948C}.Debug|Any CPU.Build.0 = Debug|Any CPU
		{11CA2170-F384-4181-9FF7-BBB3FA5B948C}.Release|Any CPU.ActiveCfg = Release|Any CPU
		{11CA2170-F384-4181-9FF7-BBB3FA5B948C}.Release|Any CPU.Build.0 = Release|Any CPU
	EndGlobalSection
	GlobalSection(SolutionProperties) = preSolution
		HideSolutionNode = FALSE
	EndGlobalSection
	GlobalSection(ExtensibilityGlobals) = postSolution
		SolutionGuid = {3F74B9B3-8950-4F13-A57C-84CD248D232E}
	EndGlobalSection
EndGlobal
